
Microsoft Visual Studio Solution File, Format Version 12.00
# Visual Studio 15
VisualStudioVersion = 15.0.28307.1062
MinimumVisualStudioVersion = 10.0.40219.1
Project("{FAE04EC0-301F-11D3-BF4B-00C04F79EFBC}") = "proyectoBase", "proyectoBase\proyectoBase.csproj", "{DECCD70D-4B03-4D3B-B6B5-88101C86DA92}"
EndProject
Global
	GlobalSection(SolutionConfigurationPlatforms) = preSolution
		Debug|Any CPU = Debug|Any CPU
		Release|Any CPU = Release|Any CPU
	EndGlobalSection
	GlobalSection(ProjectConfigurationPlatforms) = postSolution
		{DECCD70D-4B03-4D3B-B6B5-88101C86DA92}.Debug|Any CPU.ActiveCfg = Debug|Any CPU
		{DECCD70D-4B03-4D3B-B6B5-88101C86DA92}.Debug|Any CPU.Build.0 = Debug|Any CPU
		{DECCD70D-4B03-4D3B-B6B5-88101C86DA92}.Release|Any CPU.ActiveCfg = Release|Any CPU
		{DECCD70D-4B03-4D3B-B6B5-88101C86DA92}.Release|Any CPU.Build.0 = Release|Any CPU
	EndGlobalSection
	GlobalSection(SolutionProperties) = preSolution
		HideSolutionNode = FALSE
	EndGlobalSection
	GlobalSection(ExtensibilityGlobals) = postSolution
		SolutionGuid = {AF24D831-9704-48B5-A5A8-8149B0985D97}
	EndGlobalSection
EndGlobal
